// !$*UTF8*$!
{
	archiveVersion = 1;
	classes = {
	};
	objectVersion = 46;
	objects = {

/* Begin PBXBuildFile section */
		07BC1E8F1BC11A0E0025B777 /* Foundation.framework in Frameworks */ = {isa = PBXBuildFile; fileRef = 07BC1E8E1BC11A0E0025B777 /* Foundation.framework */; };
		07BC1E911BC11A0E0025B777 /* CoreGraphics.framework in Frameworks */ = {isa = PBXBuildFile; fileRef = 07BC1E901BC11A0E0025B777 /* CoreGraphics.framework */; };
		07BC1E931BC11A0E0025B777 /* UIKit.framework in Frameworks */ = {isa = PBXBuildFile; fileRef = 07BC1E921BC11A0E0025B777 /* UIKit.framework */; };
		07BC1E991BC11A0E0025B777 /* InfoPlist.strings in Resources */ = {isa = PBXBuildFile; fileRef = 07BC1E971BC11A0E0025B777 /* InfoPlist.strings */; };
		07BC1EA21BC11A0E0025B777 /* Main.storyboard in Resources */ = {isa = PBXBuildFile; fileRef = 07BC1EA01BC11A0E0025B777 /* Main.storyboard */; };
		07BC1EA71BC11A0E0025B777 /* Images.xcassets in Resources */ = {isa = PBXBuildFile; fileRef = 07BC1EA61BC11A0E0025B777 /* Images.xcassets */; };
		07BC1EAE1BC11A0E0025B777 /* XCTest.framework in Frameworks */ = {isa = PBXBuildFile; fileRef = 07BC1EAD1BC11A0E0025B777 /* XCTest.framework */; };
		07BC1EAF1BC11A0E0025B777 /* Foundation.framework in Frameworks */ = {isa = PBXBuildFile; fileRef = 07BC1E8E1BC11A0E0025B777 /* Foundation.framework */; };
		07BC1EB01BC11A0E0025B777 /* UIKit.framework in Frameworks */ = {isa = PBXBuildFile; fileRef = 07BC1E921BC11A0E0025B777 /* UIKit.framework */; };
		07BC1EB81BC11A0E0025B777 /* InfoPlist.strings in Resources */ = {isa = PBXBuildFile; fileRef = 07BC1EB61BC11A0E0025B777 /* InfoPlist.strings */; };
		07BC1EBA1BC11A0E0025B777 /* ____Tests.m in Sources */ = {isa = PBXBuildFile; fileRef = 07BC1EB91BC11A0E0025B777 /* ____Tests.m */; };
		07DFE9E71BC7FFCB00A8DEAC /* DRNRealTimeBlurView.m in Sources */ = {isa = PBXBuildFile; fileRef = 07DFE9E41BC7FFCB00A8DEAC /* DRNRealTimeBlurView.m */; };
		07DFE9E81BC7FFCB00A8DEAC /* UIImage+BoxBlur.m in Sources */ = {isa = PBXBuildFile; fileRef = 07DFE9E61BC7FFCB00A8DEAC /* UIImage+BoxBlur.m */; };
		07DFE9EB1BC8000A00A8DEAC /* JHLrcView.m in Sources */ = {isa = PBXBuildFile; fileRef = 07DFE9EA1BC8000A00A8DEAC /* JHLrcView.m */; };
		07DFE9EE1BC902EF00A8DEAC /* JHLrcLine.m in Sources */ = {isa = PBXBuildFile; fileRef = 07DFE9ED1BC902EF00A8DEAC /* JHLrcLine.m */; };
		07DFE9F11BC9411D00A8DEAC /* JHLrcCell.m in Sources */ = {isa = PBXBuildFile; fileRef = 07DFE9F01BC9411D00A8DEAC /* JHLrcCell.m */; };
		07E26CB21BC11BA50043C153 /* JHAppDelegate.m in Sources */ = {isa = PBXBuildFile; fileRef = 07E26CAF1BC11BA50043C153 /* JHAppDelegate.m */; };
		07E26CB31BC11BA50043C153 /* main.m in Sources */ = {isa = PBXBuildFile; fileRef = 07E26CB01BC11BA50043C153 /* main.m */; };
		07E26CDF1BC11C570043C153 /* bb@2x.jpg in Resources */ = {isa = PBXBuildFile; fileRef = 07E26CB81BC11C570043C153 /* bb@2x.jpg */; };
		07E26CE01BC11C570043C153 /* bb_icon@2x.jpg in Resources */ = {isa = PBXBuildFile; fileRef = 07E26CB91BC11C570043C153 /* bb_icon@2x.jpg */; };
		07E26CE11BC11C570043C153 /* dzq@2x.jpg in Resources */ = {isa = PBXBuildFile; fileRef = 07E26CBA1BC11C570043C153 /* dzq@2x.jpg */; };
		07E26CE21BC11C570043C153 /* dzq_icon@2x.jpg in Resources */ = {isa = PBXBuildFile; fileRef = 07E26CBB1BC11C570043C153 /* dzq_icon@2x.jpg */; };
		07E26CE31BC11C570043C153 /* eason@2x.jpg in Resources */ = {isa = PBXBuildFile; fileRef = 07E26CBC1BC11C570043C153 /* eason@2x.jpg */; };
		07E26CE41BC11C570043C153 /* eason_icon@2x.jpg in Resources */ = {isa = PBXBuildFile; fileRef = 07E26CBD1BC11C570043C153 /* eason_icon@2x.jpg */; };
		07E26CE51BC11C570043C153 /* jay@2x.jpg in Resources */ = {isa = PBXBuildFile; fileRef = 07E26CBE1BC11C570043C153 /* jay@2x.jpg */; };
		07E26CE61BC11C570043C153 /* jay_icon@2x.png in Resources */ = {isa = PBXBuildFile; fileRef = 07E26CBF1BC11C570043C153 /* jay_icon@2x.png */; };
		07E26CE71BC11C570043C153 /* jj@2x.jpg in Resources */ = {isa = PBXBuildFile; fileRef = 07E26CC01BC11C570043C153 /* jj@2x.jpg */; };
		07E26CE81BC11C570043C153 /* jj_icon@2x.png in Resources */ = {isa = PBXBuildFile; fileRef = 07E26CC11BC11C570043C153 /* jj_icon@2x.png */; };
		07E26CE91BC11C570043C153 /* kzxd@2x.jpg in Resources */ = {isa = PBXBuildFile; fileRef = 07E26CC21BC11C570043C153 /* kzxd@2x.jpg */; };
		07E26CEA1BC11C570043C153 /* kzxd_icon@2x.jpg in Resources */ = {isa = PBXBuildFile; fileRef = 07E26CC31BC11C570043C153 /* kzxd_icon@2x.jpg */; };
		07E26CEB1BC11C570043C153 /* nanquan@2x.jpg in Resources */ = {isa = PBXBuildFile; fileRef = 07E26CC41BC11C570043C153 /* nanquan@2x.jpg */; };
		07E26CEC1BC11C570043C153 /* nanquan_icon@2x.jpg in Resources */ = {isa = PBXBuildFile; fileRef = 07E26CC51BC11C570043C153 /* nanquan_icon@2x.jpg */; };
		07E26CED1BC11C570043C153 /* wf@2x.jpg in Resources */ = {isa = PBXBuildFile; fileRef = 07E26CC61BC11C570043C153 /* wf@2x.jpg */; };
		07E26CEE1BC11C570043C153 /* wf_icon@2x.jpg in Resources */ = {isa = PBXBuildFile; fileRef = 07E26CC71BC11C570043C153 /* wf_icon@2x.jpg */; };
		07E26CEF1BC11C570043C153 /* zxy@2x.jpg in Resources */ = {isa = PBXBuildFile; fileRef = 07E26CC81BC11C570043C153 /* zxy@2x.jpg */; };
		07E26CF01BC11C570043C153 /* zxy_icon@2x.jpg in Resources */ = {isa = PBXBuildFile; fileRef = 07E26CC91BC11C570043C153 /* zxy_icon@2x.jpg */; };
		07E26CF11BC11C570043C153 /* 10405520.lrc in Resources */ = {isa = PBXBuildFile; fileRef = 07E26CCB1BC11C570043C153 /* 10405520.lrc */; };
		07E26CF21BC11C570043C153 /* 10736444.lrc in Resources */ = {isa = PBXBuildFile; fileRef = 07E26CCC1BC11C570043C153 /* 10736444.lrc */; };
		07E26CF31BC11C570043C153 /* 120125029.lrc in Resources */ = {isa = PBXBuildFile; fileRef = 07E26CCD1BC11C570043C153 /* 120125029.lrc */; };
		07E26CF41BC11C570043C153 /* 12309111.lrc in Resources */ = {isa = PBXBuildFile; fileRef = 07E26CCE1BC11C570043C153 /* 12309111.lrc */; };
		07E26CF51BC11C570043C153 /* 14945107.lrc in Resources */ = {isa = PBXBuildFile; fileRef = 07E26CCF1BC11C570043C153 /* 14945107.lrc */; };
		07E26CF61BC11C570043C153 /* 235319.lrc in Resources */ = {isa = PBXBuildFile; fileRef = 07E26CD01BC11C570043C153 /* 235319.lrc */; };
		07E26CF71BC11C570043C153 /* 255319.lrc in Resources */ = {isa = PBXBuildFile; fileRef = 07E26CD11BC11C570043C153 /* 255319.lrc */; };
		07E26CF81BC11C570043C153 /* 309769.lrc in Resources */ = {isa = PBXBuildFile; fileRef = 07E26CD21BC11C570043C153 /* 309769.lrc */; };
		07E26CF91BC11C570043C153 /* 339744.lrc in Resources */ = {isa = PBXBuildFile; fileRef = 07E26CD31BC11C570043C153 /* 339744.lrc */; };
		07E26CFA1BC11C570043C153 /* 10405520.mp3 in Resources */ = {isa = PBXBuildFile; fileRef = 07E26CD51BC11C570043C153 /* 10405520.mp3 */; };
		07E26CFB1BC11C570043C153 /* 10736444.mp3 in Resources */ = {isa = PBXBuildFile; fileRef = 07E26CD61BC11C570043C153 /* 10736444.mp3 */; };
		07E26CFC1BC11C570043C153 /* 120125029.mp3 in Resources */ = {isa = PBXBuildFile; fileRef = 07E26CD71BC11C570043C153 /* 120125029.mp3 */; };
		07E26CFD1BC11C570043C153 /* 12309111.mp3 in Resources */ = {isa = PBXBuildFile; fileRef = 07E26CD81BC11C570043C153 /* 12309111.mp3 */; };
		07E26CFE1BC11C570043C153 /* 14945107.mp3 in Resources */ = {isa = PBXBuildFile; fileRef = 07E26CD91BC11C570043C153 /* 14945107.mp3 */; };
		07E26CFF1BC11C570043C153 /* 235319.mp3 in Resources */ = {isa = PBXBuildFile; fileRef = 07E26CDA1BC11C570043C153 /* 235319.mp3 */; };
		07E26D001BC11C570043C153 /* 255319.mp3 in Resources */ = {isa = PBXBuildFile; fileRef = 07E26CDB1BC11C570043C153 /* 255319.mp3 */; };
		07E26D011BC11C570043C153 /* 309769.mp3 in Resources */ = {isa = PBXBuildFile; fileRef = 07E26CDC1BC11C570043C153 /* 309769.mp3 */; };
		07E26D021BC11C570043C153 /* 339744.mp3 in Resources */ = {isa = PBXBuildFile; fileRef = 07E26CDD1BC11C570043C153 /* 339744.mp3 */; };
		07E26D031BC11C570043C153 /* Musics.plist in Resources */ = {isa = PBXBuildFile; fileRef = 07E26CDE1BC11C570043C153 /* Musics.plist */; };
		07E26D061BC11ECB0043C153 /* JHMusicsViewController.m in Sources */ = {isa = PBXBuildFile; fileRef = 07E26D051BC11ECB0043C153 /* JHMusicsViewController.m */; };
		07E26D091BC11F2F0043C153 /* JHMusic.m in Sources */ = {isa = PBXBuildFile; fileRef = 07E26D081BC11F2F0043C153 /* JHMusic.m */; };
		07E26D251BC120450043C153 /* Colours.m in Sources */ = {isa = PBXBuildFile; fileRef = 07E26D0C1BC120450043C153 /* Colours.m */; };
		07E26D261BC120450043C153 /* MJArgument.m in Sources */ = {isa = PBXBuildFile; fileRef = 07E26D0F1BC120450043C153 /* MJArgument.m */; };
		07E26D271BC120450043C153 /* MJConst.m in Sources */ = {isa = PBXBuildFile; fileRef = 07E26D111BC120450043C153 /* MJConst.m */; };
		07E26D281BC120450043C153 /* MJFoundation.m in Sources */ = {isa = PBXBuildFile; fileRef = 07E26D141BC120450043C153 /* MJFoundation.m */; };
		07E26D291BC120450043C153 /* MJIvar.m in Sources */ = {isa = PBXBuildFile; fileRef = 07E26D161BC120450043C153 /* MJIvar.m */; };
		07E26D2A1BC120450043C153 /* MJMember.m in Sources */ = {isa = PBXBuildFile; fileRef = 07E26D181BC120450043C153 /* MJMember.m */; };
		07E26D2B1BC120450043C153 /* MJMethod.m in Sources */ = {isa = PBXBuildFile; fileRef = 07E26D1A1BC120450043C153 /* MJMethod.m */; };
		07E26D2C1BC120450043C153 /* MJType.m in Sources */ = {isa = PBXBuildFile; fileRef = 07E26D1C1BC120450043C153 /* MJType.m */; };
		07E26D2D1BC120450043C153 /* MJTypeEncoding.m in Sources */ = {isa = PBXBuildFile; fileRef = 07E26D1E1BC120450043C153 /* MJTypeEncoding.m */; };
		07E26D2E1BC120450043C153 /* NSObject+MJCoding.m in Sources */ = {isa = PBXBuildFile; fileRef = 07E26D201BC120450043C153 /* NSObject+MJCoding.m */; };
		07E26D2F1BC120450043C153 /* NSObject+MJKeyValue.m in Sources */ = {isa = PBXBuildFile; fileRef = 07E26D221BC120450043C153 /* NSObject+MJKeyValue.m */; };
		07E26D301BC120450043C153 /* NSObject+MJMember.m in Sources */ = {isa = PBXBuildFile; fileRef = 07E26D241BC120450043C153 /* NSObject+MJMember.m */; };
		07E26D331BC124AC0043C153 /* JHMusicCell.m in Sources */ = {isa = PBXBuildFile; fileRef = 07E26D321BC124AC0043C153 /* JHMusicCell.m */; };
		07E26D361BC1296D0043C153 /* UIImage+MJ.m in Sources */ = {isa = PBXBuildFile; fileRef = 07E26D351BC1296D0043C153 /* UIImage+MJ.m */; };
		07E26D391BC12ADC0043C153 /* UIView+Extension.m in Sources */ = {isa = PBXBuildFile; fileRef = 07E26D381BC12ADC0043C153 /* UIView+Extension.m */; };
		07E26D3D1BC12B1A0043C153 /* JHPlayingViewController.m in Sources */ = {isa = PBXBuildFile; fileRef = 07E26D3B1BC12B1A0043C153 /* JHPlayingViewController.m */; };
		07E26D3E1BC12B1A0043C153 /* JHPlayingViewController.xib in Resources */ = {isa = PBXBuildFile; fileRef = 07E26D3C1BC12B1A0043C153 /* JHPlayingViewController.xib */; };
		07E26D421BC162680043C153 /* JHMusicTool.m in Sources */ = {isa = PBXBuildFile; fileRef = 07E26D411BC162680043C153 /* JHMusicTool.m */; };
		07E26D451BC2718B0043C153 /* JHAudioTool.m in Sources */ = {isa = PBXBuildFile; fileRef = 07E26D441BC2718B0043C153 /* JHAudioTool.m */; };
/* End PBXBuildFile section */

/* Begin PBXContainerItemProxy section */
		07BC1EB11BC11A0E0025B777 /* PBXContainerItemProxy */ = {
			isa = PBXContainerItemProxy;
			containerPortal = 07BC1E831BC11A0E0025B777 /* Project object */;
			proxyType = 1;
			remoteGlobalIDString = 07BC1E8A1BC11A0E0025B777;
			remoteInfo = "百度音乐";
		};
/* End PBXContainerItemProxy section */

/* Begin PBXFileReference section */
		07BC1E8B1BC11A0E0025B777 /* 百度音乐OFJH.app */ = {isa = PBXFileReference; explicitFileType = wrapper.application; includeInIndex = 0; path = "百度音乐OFJH.app"; sourceTree = BUILT_PRODUCTS_DIR; };
		07BC1E8E1BC11A0E0025B777 /* Foundation.framework */ = {isa = PBXFileReference; lastKnownFileType = wrapper.framework; name = Foundation.framework; path = System/Library/Frameworks/Foundation.framework; sourceTree = SDKROOT; };
		07BC1E901BC11A0E0025B777 /* CoreGraphics.framework */ = {isa = PBXFileReference; lastKnownFileType = wrapper.framework; name = CoreGraphics.framework; path = System/Library/Frameworks/CoreGraphics.framework; sourceTree = SDKROOT; };
		07BC1E921BC11A0E0025B777 /* UIKit.framework */ = {isa = PBXFileReference; lastKnownFileType = wrapper.framework; name = UIKit.framework; path = System/Library/Frameworks/UIKit.framework; sourceTree = SDKROOT; };
		07BC1E961BC11A0E0025B777 /* 百度音乐OFJH-Info.plist */ = {isa = PBXFileReference; lastKnownFileType = text.plist.xml; path = "百度音乐OFJH-Info.plist"; sourceTree = "<group>"; };
		07BC1E981BC11A0E0025B777 /* en */ = {isa = PBXFileReference; lastKnownFileType = text.plist.strings; name = en; path = en.lproj/InfoPlist.strings; sourceTree = "<group>"; };
		07BC1E9C1BC11A0E0025B777 /* 百度音乐OFJH-Prefix.pch */ = {isa = PBXFileReference; lastKnownFileType = sourcecode.c.h; path = "百度音乐OFJH-Prefix.pch"; sourceTree = "<group>"; };
		07BC1EA11BC11A0E0025B777 /* Base */ = {isa = PBXFileReference; lastKnownFileType = file.storyboard; name = Base; path = Base.lproj/Main.storyboard; sourceTree = "<group>"; };
		07BC1EA61BC11A0E0025B777 /* Images.xcassets */ = {isa = PBXFileReference; lastKnownFileType = folder.assetcatalog; path = Images.xcassets; sourceTree = "<group>"; };
		07BC1EAC1BC11A0E0025B777 /* 百度音乐OFJHTests.xctest */ = {isa = PBXFileReference; explicitFileType = wrapper.cfbundle; includeInIndex = 0; path = "百度音乐OFJHTests.xctest"; sourceTree = BUILT_PRODUCTS_DIR; };
		07BC1EAD1BC11A0E0025B777 /* XCTest.framework */ = {isa = PBXFileReference; lastKnownFileType = wrapper.framework; name = XCTest.framework; path = Library/Frameworks/XCTest.framework; sourceTree = DEVELOPER_DIR; };
		07BC1EB51BC11A0E0025B777 /* 百度音乐OFJHTests-Info.plist */ = {isa = PBXFileReference; lastKnownFileType = text.plist.xml; path = "百度音乐OFJHTests-Info.plist"; sourceTree = "<group>"; };
		07BC1EB71BC11A0E0025B777 /* en */ = {isa = PBXFileReference; lastKnownFileType = text.plist.strings; name = en; path = en.lproj/InfoPlist.strings; sourceTree = "<group>"; };
		07BC1EB91BC11A0E0025B777 /* ____Tests.m */ = {isa = PBXFileReference; lastKnownFileType = sourcecode.c.objc; path = "____Tests.m"; sourceTree = "<group>"; };
		07DFE9E31BC7FFCB00A8DEAC /* DRNRealTimeBlurView.h */ = {isa = PBXFileReference; fileEncoding = 4; lastKnownFileType = sourcecode.c.h; path = DRNRealTimeBlurView.h; sourceTree = "<group>"; };
		07DFE9E41BC7FFCB00A8DEAC /* DRNRealTimeBlurView.m */ = {isa = PBXFileReference; fileEncoding = 4; lastKnownFileType = sourcecode.c.objc; path = DRNRealTimeBlurView.m; sourceTree = "<group>"; };
		07DFE9E51BC7FFCB00A8DEAC /* UIImage+BoxBlur.h */ = {isa = PBXFileReference; fileEncoding = 4; lastKnownFileType = sourcecode.c.h; path = "UIImage+BoxBlur.h"; sourceTree = "<group>"; };
		07DFE9E61BC7FFCB00A8DEAC /* UIImage+BoxBlur.m */ = {isa = PBXFileReference; fileEncoding = 4; lastKnownFileType = sourcecode.c.objc; path = "UIImage+BoxBlur.m"; sourceTree = "<group>"; };
		07DFE9E91BC8000A00A8DEAC /* JHLrcView.h */ = {isa = PBXFileReference; fileEncoding = 4; lastKnownFileType = sourcecode.c.h; path = JHLrcView.h; sourceTree = "<group>"; };
		07DFE9EA1BC8000A00A8DEAC /* JHLrcView.m */ = {isa = PBXFileReference; fileEncoding = 4; lastKnownFileType = sourcecode.c.objc; path = JHLrcView.m; sourceTree = "<group>"; };
		07DFE9EC1BC902EF00A8DEAC /* JHLrcLine.h */ = {isa = PBXFileReference; fileEncoding = 4; lastKnownFileType = sourcecode.c.h; path = JHLrcLine.h; sourceTree = "<group>"; };
		07DFE9ED1BC902EF00A8DEAC /* JHLrcLine.m */ = {isa = PBXFileReference; fileEncoding = 4; lastKnownFileType = sourcecode.c.objc; path = JHLrcLine.m; sourceTree = "<group>"; };
		07DFE9EF1BC9411D00A8DEAC /* JHLrcCell.h */ = {isa = PBXFileReference; fileEncoding = 4; lastKnownFileType = sourcecode.c.h; path = JHLrcCell.h; sourceTree = "<group>"; };
		07DFE9F01BC9411D00A8DEAC /* JHLrcCell.m */ = {isa = PBXFileReference; fileEncoding = 4; lastKnownFileType = sourcecode.c.objc; path = JHLrcCell.m; sourceTree = "<group>"; };
		07E26CAE1BC11BA50043C153 /* JHAppDelegate.h */ = {isa = PBXFileReference; fileEncoding = 4; lastKnownFileType = sourcecode.c.h; path = JHAppDelegate.h; sourceTree = "<group>"; };
		07E26CAF1BC11BA50043C153 /* JHAppDelegate.m */ = {isa = PBXFileReference; fileEncoding = 4; lastKnownFileType = sourcecode.c.objc; path = JHAppDelegate.m; sourceTree = "<group>"; };
		07E26CB01BC11BA50043C153 /* main.m */ = {isa = PBXFileReference; fileEncoding = 4; lastKnownFileType = sourcecode.c.objc; path = main.m; sourceTree = "<group>"; };
		07E26CB81BC11C570043C153 /* bb@2x.jpg */ = {isa = PBXFileReference; lastKnownFileType = image.jpeg; path = "bb@2x.jpg"; sourceTree = "<group>"; };
		07E26CB91BC11C570043C153 /* bb_icon@2x.jpg */ = {isa = PBXFileReference; lastKnownFileType = image.jpeg; path = "bb_icon@2x.jpg"; sourceTree = "<group>"; };
		07E26CBA1BC11C570043C153 /* dzq@2x.jpg */ = {isa = PBXFileReference; lastKnownFileType = image.jpeg; path = "dzq@2x.jpg"; sourceTree = "<group>"; };
		07E26CBB1BC11C570043C153 /* dzq_icon@2x.jpg */ = {isa = PBXFileReference; lastKnownFileType = image.jpeg; path = "dzq_icon@2x.jpg"; sourceTree = "<group>"; };
		07E26CBC1BC11C570043C153 /* eason@2x.jpg */ = {isa = PBXFileReference; lastKnownFileType = image.jpeg; path = "eason@2x.jpg"; sourceTree = "<group>"; };
		07E26CBD1BC11C570043C153 /* eason_icon@2x.jpg */ = {isa = PBXFileReference; lastKnownFileType = image.jpeg; path = "eason_icon@2x.jpg"; sourceTree = "<group>"; };
		07E26CBE1BC11C570043C153 /* jay@2x.jpg */ = {isa = PBXFileReference; lastKnownFileType = image.jpeg; path = "jay@2x.jpg"; sourceTree = "<group>"; };
		07E26CBF1BC11C570043C153 /* jay_icon@2x.png */ = {isa = PBXFileReference; lastKnownFileType = image.png; path = "jay_icon@2x.png"; sourceTree = "<group>"; };
		07E26CC01BC11C570043C153 /* jj@2x.jpg */ = {isa = PBXFileReference; lastKnownFileType = image.jpeg; path = "jj@2x.jpg"; sourceTree = "<group>"; };
		07E26CC11BC11C570043C153 /* jj_icon@2x.png */ = {isa = PBXFileReference; lastKnownFileType = image.png; path = "jj_icon@2x.png"; sourceTree = "<group>"; };
		07E26CC21BC11C570043C153 /* kzxd@2x.jpg */ = {isa = PBXFileReference; lastKnownFileType = image.jpeg; path = "kzxd@2x.jpg"; sourceTree = "<group>"; };
		07E26CC31BC11C570043C153 /* kzxd_icon@2x.jpg */ = {isa = PBXFileReference; lastKnownFileType = image.jpeg; path = "kzxd_icon@2x.jpg"; sourceTree = "<group>"; };
		07E26CC41BC11C570043C153 /* nanquan@2x.jpg */ = {isa = PBXFileReference; lastKnownFileType = image.jpeg; path = "nanquan@2x.jpg"; sourceTree = "<group>"; };
		07E26CC51BC11C570043C153 /* nanquan_icon@2x.jpg */ = {isa = PBXFileReference; lastKnownFileType = image.jpeg; path = "nanquan_icon@2x.jpg"; sourceTree = "<group>"; };
		07E26CC61BC11C570043C153 /* wf@2x.jpg */ = {isa = PBXFileReference; lastKnownFileType = image.jpeg; path = "wf@2x.jpg"; sourceTree = "<group>"; };
		07E26CC71BC11C570043C153 /* wf_icon@2x.jpg */ = {isa = PBXFileReference; lastKnownFileType = image.jpeg; path = "wf_icon@2x.jpg"; sourceTree = "<group>"; };
		07E26CC81BC11C570043C153 /* zxy@2x.jpg */ = {isa = PBXFileReference; lastKnownFileType = image.jpeg; path = "zxy@2x.jpg"; sourceTree = "<group>"; };
		07E26CC91BC11C570043C153 /* zxy_icon@2x.jpg */ = {isa = PBXFileReference; lastKnownFileType = image.jpeg; path = "zxy_icon@2x.jpg"; sourceTree = "<group>"; };
		07E26CCB1BC11C570043C153 /* 10405520.lrc */ = {isa = PBXFileReference; fileEncoding = 4; lastKnownFileType = text; path = 10405520.lrc; sourceTree = "<group>"; };
		07E26CCC1BC11C570043C153 /* 10736444.lrc */ = {isa = PBXFileReference; fileEncoding = 4; lastKnownFileType = text; path = 10736444.lrc; sourceTree = "<group>"; };
		07E26CCD1BC11C570043C153 /* 120125029.lrc */ = {isa = PBXFileReference; fileEncoding = 4; lastKnownFileType = text; path = 120125029.lrc; sourceTree = "<group>"; };
		07E26CCE1BC11C570043C153 /* 12309111.lrc */ = {isa = PBXFileReference; fileEncoding = 4; lastKnownFileType = text; path = 12309111.lrc; sourceTree = "<group>"; };
		07E26CCF1BC11C570043C153 /* 14945107.lrc */ = {isa = PBXFileReference; fileEncoding = 4; lastKnownFileType = text; path = 14945107.lrc; sourceTree = "<group>"; };
		07E26CD01BC11C570043C153 /* 235319.lrc */ = {isa = PBXFileReference; fileEncoding = 4; lastKnownFileType = text; path = 235319.lrc; sourceTree = "<group>"; };
		07E26CD11BC11C570043C153 /* 255319.lrc */ = {isa = PBXFileReference; fileEncoding = 4; lastKnownFileType = text; path = 255319.lrc; sourceTree = "<group>"; };
		07E26CD21BC11C570043C153 /* 309769.lrc */ = {isa = PBXFileReference; fileEncoding = 4; lastKnownFileType = text; path = 309769.lrc; sourceTree = "<group>"; };
		07E26CD31BC11C570043C153 /* 339744.lrc */ = {isa = PBXFileReference; fileEncoding = 4; lastKnownFileType = text; path = 339744.lrc; sourceTree = "<group>"; };
		07E26CD51BC11C570043C153 /* 10405520.mp3 */ = {isa = PBXFileReference; lastKnownFileType = audio.mp3; path = 10405520.mp3; sourceTree = "<group>"; };
		07E26CD61BC11C570043C153 /* 10736444.mp3 */ = {isa = PBXFileReference; lastKnownFileType = audio.mp3; path = 10736444.mp3; sourceTree = "<group>"; };
		07E26CD71BC11C570043C153 /* 120125029.mp3 */ = {isa = PBXFileReference; lastKnownFileType = audio.mp3; path = 120125029.mp3; sourceTree = "<group>"; };
		07E26CD81BC11C570043C153 /* 12309111.mp3 */ = {isa = PBXFileReference; lastKnownFileType = audio.mp3; path = 12309111.mp3; sourceTree = "<group>"; };
		07E26CD91BC11C570043C153 /* 14945107.mp3 */ = {isa = PBXFileReference; lastKnownFileType = audio.mp3; path = 14945107.mp3; sourceTree = "<group>"; };
		07E26CDA1BC11C570043C153 /* 235319.mp3 */ = {isa = PBXFileReference; lastKnownFileType = audio.mp3; path = 235319.mp3; sourceTree = "<group>"; };
		07E26CDB1BC11C570043C153 /* 255319.mp3 */ = {isa = PBXFileReference; lastKnownFileType = audio.mp3; path = 255319.mp3; sourceTree = "<group>"; };
		07E26CDC1BC11C570043C153 /* 309769.mp3 */ = {isa = PBXFileReference; lastKnownFileType = audio.mp3; path = 309769.mp3; sourceTree = "<group>"; };
		07E26CDD1BC11C570043C153 /* 339744.mp3 */ = {isa = PBXFileReference; lastKnownFileType = audio.mp3; path = 339744.mp3; sourceTree = "<group>"; };
		07E26CDE1BC11C570043C153 /* Musics.plist */ = {isa = PBXFileReference; fileEncoding = 4; lastKnownFileType = text.plist.xml; path = Musics.plist; sourceTree = "<group>"; };
		07E26D041BC11ECB0043C153 /* JHMusicsViewController.h */ = {isa = PBXFileReference; fileEncoding = 4; lastKnownFileType = sourcecode.c.h; path = JHMusicsViewController.h; sourceTree = "<group>"; };
		07E26D051BC11ECB0043C153 /* JHMusicsViewController.m */ = {isa = PBXFileReference; fileEncoding = 4; lastKnownFileType = sourcecode.c.objc; path = JHMusicsViewController.m; sourceTree = "<group>"; };
		07E26D071BC11F2F0043C153 /* JHMusic.h */ = {isa = PBXFileReference; fileEncoding = 4; lastKnownFileType = sourcecode.c.h; path = JHMusic.h; sourceTree = "<group>"; };
		07E26D081BC11F2F0043C153 /* JHMusic.m */ = {isa = PBXFileReference; fileEncoding = 4; lastKnownFileType = sourcecode.c.objc; path = JHMusic.m; sourceTree = "<group>"; };
		07E26D0B1BC120450043C153 /* Colours.h */ = {isa = PBXFileReference; fileEncoding = 4; lastKnownFileType = sourcecode.c.h; path = Colours.h; sourceTree = "<group>"; };
		07E26D0C1BC120450043C153 /* Colours.m */ = {isa = PBXFileReference; fileEncoding = 4; lastKnownFileType = sourcecode.c.objc; path = Colours.m; sourceTree = "<group>"; };
		07E26D0E1BC120450043C153 /* MJArgument.h */ = {isa = PBXFileReference; fileEncoding = 4; lastKnownFileType = sourcecode.c.h; path = MJArgument.h; sourceTree = "<group>"; };
		07E26D0F1BC120450043C153 /* MJArgument.m */ = {isa = PBXFileReference; fileEncoding = 4; lastKnownFileType = sourcecode.c.objc; path = MJArgument.m; sourceTree = "<group>"; };
		07E26D101BC120450043C153 /* MJConst.h */ = {isa = PBXFileReference; fileEncoding = 4; lastKnownFileType = sourcecode.c.h; path = MJConst.h; sourceTree = "<group>"; };
		07E26D111BC120450043C153 /* MJConst.m */ = {isa = PBXFileReference; fileEncoding = 4; lastKnownFileType = sourcecode.c.objc; path = MJConst.m; sourceTree = "<group>"; };
		07E26D121BC120450043C153 /* MJExtension.h */ = {isa = PBXFileReference; fileEncoding = 4; lastKnownFileType = sourcecode.c.h; path = MJExtension.h; sourceTree = "<group>"; };
		07E26D131BC120450043C153 /* MJFoundation.h */ = {isa = PBXFileReference; fileEncoding = 4; lastKnownFileType = sourcecode.c.h; path = MJFoundation.h; sourceTree = "<group>"; };
		07E26D141BC120450043C153 /* MJFoundation.m */ = {isa = PBXFileReference; fileEncoding = 4; lastKnownFileType = sourcecode.c.objc; path = MJFoundation.m; sourceTree = "<group>"; };
		07E26D151BC120450043C153 /* MJIvar.h */ = {isa = PBXFileReference; fileEncoding = 4; lastKnownFileType = sourcecode.c.h; path = MJIvar.h; sourceTree = "<group>"; };
		07E26D161BC120450043C153 /* MJIvar.m */ = {isa = PBXFileReference; fileEncoding = 4; lastKnownFileType = sourcecode.c.objc; path = MJIvar.m; sourceTree = "<group>"; };
		07E26D171BC120450043C153 /* MJMember.h */ = {isa = PBXFileReference; fileEncoding = 4; lastKnownFileType = sourcecode.c.h; path = MJMember.h; sourceTree = "<group>"; };
		07E26D181BC120450043C153 /* MJMember.m */ = {isa = PBXFileReference; fileEncoding = 4; lastKnownFileType = sourcecode.c.objc; path = MJMember.m; sourceTree = "<group>"; };
		07E26D191BC120450043C153 /* MJMethod.h */ = {isa = PBXFileReference; fileEncoding = 4; lastKnownFileType = sourcecode.c.h; path = MJMethod.h; sourceTree = "<group>"; };
		07E26D1A1BC120450043C153 /* MJMethod.m */ = {isa = PBXFileReference; fileEncoding = 4; lastKnownFileType = sourcecode.c.objc; path = MJMethod.m; sourceTree = "<group>"; };
		07E26D1B1BC120450043C153 /* MJType.h */ = {isa = PBXFileReference; fileEncoding = 4; lastKnownFileType = sourcecode.c.h; path = MJType.h; sourceTree = "<group>"; };
		07E26D1C1BC120450043C153 /* MJType.m */ = {isa = PBXFileReference; fileEncoding = 4; lastKnownFileType = sourcecode.c.objc; path = MJType.m; sourceTree = "<group>"; };
		07E26D1D1BC120450043C153 /* MJTypeEncoding.h */ = {isa = PBXFileReference; fileEncoding = 4; lastKnownFileType = sourcecode.c.h; path = MJTypeEncoding.h; sourceTree = "<group>"; };
		07E26D1E1BC120450043C153 /* MJTypeEncoding.m */ = {isa = PBXFileReference; fileEncoding = 4; lastKnownFileType = sourcecode.c.objc; path = MJTypeEncoding.m; sourceTree = "<group>"; };
		07E26D1F1BC120450043C153 /* NSObject+MJCoding.h */ = {isa = PBXFileReference; fileEncoding = 4; lastKnownFileType = sourcecode.c.h; path = "NSObject+MJCoding.h"; sourceTree = "<group>"; };
		07E26D201BC120450043C153 /* NSObject+MJCoding.m */ = {isa = PBXFileReference; fileEncoding = 4; lastKnownFileType = sourcecode.c.objc; path = "NSObject+MJCoding.m"; sourceTree = "<group>"; };
		07E26D211BC120450043C153 /* NSObject+MJKeyValue.h */ = {isa = PBXFileReference; fileEncoding = 4; lastKnownFileType = sourcecode.c.h; path = "NSObject+MJKeyValue.h"; sourceTree = "<group>"; };
		07E26D221BC120450043C153 /* NSObject+MJKeyValue.m */ = {isa = PBXFileReference; fileEncoding = 4; lastKnownFileType = sourcecode.c.objc; path = "NSObject+MJKeyValue.m"; sourceTree = "<group>"; };
		07E26D231BC120450043C153 /* NSObject+MJMember.h */ = {isa = PBXFileReference; fileEncoding = 4; lastKnownFileType = sourcecode.c.h; path = "NSObject+MJMember.h"; sourceTree = "<group>"; };
		07E26D241BC120450043C153 /* NSObject+MJMember.m */ = {isa = PBXFileReference; fileEncoding = 4; lastKnownFileType = sourcecode.c.objc; path = "NSObject+MJMember.m"; sourceTree = "<group>"; };
		07E26D311BC124AC0043C153 /* JHMusicCell.h */ = {isa = PBXFileReference; fileEncoding = 4; lastKnownFileType = sourcecode.c.h; path = JHMusicCell.h; sourceTree = "<group>"; };
		07E26D321BC124AC0043C153 /* JHMusicCell.m */ = {isa = PBXFileReference; fileEncoding = 4; lastKnownFileType = sourcecode.c.objc; path = JHMusicCell.m; sourceTree = "<group>"; };
		07E26D341BC1296D0043C153 /* UIImage+MJ.h */ = {isa = PBXFileReference; fileEncoding = 4; lastKnownFileType = sourcecode.c.h; path = "UIImage+MJ.h"; sourceTree = "<group>"; };
		07E26D351BC1296D0043C153 /* UIImage+MJ.m */ = {isa = PBXFileReference; fileEncoding = 4; lastKnownFileType = sourcecode.c.objc; path = "UIImage+MJ.m"; sourceTree = "<group>"; };
		07E26D371BC12ADC0043C153 /* UIView+Extension.h */ = {isa = PBXFileReference; fileEncoding = 4; lastKnownFileType = sourcecode.c.h; path = "UIView+Extension.h"; sourceTree = "<group>"; };
		07E26D381BC12ADC0043C153 /* UIView+Extension.m */ = {isa = PBXFileReference; fileEncoding = 4; lastKnownFileType = sourcecode.c.objc; path = "UIView+Extension.m"; sourceTree = "<group>"; };
		07E26D3A1BC12B1A0043C153 /* JHPlayingViewController.h */ = {isa = PBXFileReference; fileEncoding = 4; lastKnownFileType = sourcecode.c.h; path = JHPlayingViewController.h; sourceTree = "<group>"; };
		07E26D3B1BC12B1A0043C153 /* JHPlayingViewController.m */ = {isa = PBXFileReference; fileEncoding = 4; lastKnownFileType = sourcecode.c.objc; path = JHPlayingViewController.m; sourceTree = "<group>"; };
		07E26D3C1BC12B1A0043C153 /* JHPlayingViewController.xib */ = {isa = PBXFileReference; fileEncoding = 4; lastKnownFileType = file.xib; path = JHPlayingViewController.xib; sourceTree = "<group>"; };
		07E26D401BC162680043C153 /* JHMusicTool.h */ = {isa = PBXFileReference; fileEncoding = 4; lastKnownFileType = sourcecode.c.h; path = JHMusicTool.h; sourceTree = "<group>"; };
		07E26D411BC162680043C153 /* JHMusicTool.m */ = {isa = PBXFileReference; fileEncoding = 4; lastKnownFileType = sourcecode.c.objc; path = JHMusicTool.m; sourceTree = "<group>"; };
		07E26D431BC2718B0043C153 /* JHAudioTool.h */ = {isa = PBXFileReference; fileEncoding = 4; lastKnownFileType = sourcecode.c.h; path = JHAudioTool.h; sourceTree = "<group>"; };
		07E26D441BC2718B0043C153 /* JHAudioTool.m */ = {isa = PBXFileReference; fileEncoding = 4; lastKnownFileType = sourcecode.c.objc; path = JHAudioTool.m; sourceTree = "<group>"; };
/* End PBXFileReference section */

/* Begin PBXFrameworksBuildPhase section */
		07BC1E881BC11A0E0025B777 /* Frameworks */ = {
			isa = PBXFrameworksBuildPhase;
			buildActionMask = 2147483647;
			files = (
				07BC1E911BC11A0E0025B777 /* CoreGraphics.framework in Frameworks */,
				07BC1E931BC11A0E0025B777 /* UIKit.framework in Frameworks */,
				07BC1E8F1BC11A0E0025B777 /* Foundation.framework in Frameworks */,
			);
			runOnlyForDeploymentPostprocessing = 0;
		};
		07BC1EA91BC11A0E0025B777 /* Frameworks */ = {
			isa = PBXFrameworksBuildPhase;
			buildActionMask = 2147483647;
			files = (
				07BC1EAE1BC11A0E0025B777 /* XCTest.framework in Frameworks */,
				07BC1EB01BC11A0E0025B777 /* UIKit.framework in Frameworks */,
				07BC1EAF1BC11A0E0025B777 /* Foundation.framework in Frameworks */,
			);
			runOnlyForDeploymentPostprocessing = 0;
		};
/* End PBXFrameworksBuildPhase section */

/* Begin PBXGroup section */
		07BC1E821BC11A0E0025B777 = {
			isa = PBXGroup;
			children = (
				07BC1E941BC11A0E0025B777 /* 百度音乐 */,
				07BC1EB31BC11A0E0025B777 /* 百度音乐Tests */,
				07BC1E8D1BC11A0E0025B777 /* Frameworks */,
				07BC1E8C1BC11A0E0025B777 /* Products */,
			);
			sourceTree = "<group>";
		};
		07BC1E8C1BC11A0E0025B777 /* Products */ = {
			isa = PBXGroup;
			children = (
				07BC1E8B1BC11A0E0025B777 /* 百度音乐OFJH.app */,
				07BC1EAC1BC11A0E0025B777 /* 百度音乐OFJHTests.xctest */,
			);
			name = Products;
			sourceTree = "<group>";
		};
		07BC1E8D1BC11A0E0025B777 /* Frameworks */ = {
			isa = PBXGroup;
			children = (
				07BC1E8E1BC11A0E0025B777 /* Foundation.framework */,
				07BC1E901BC11A0E0025B777 /* CoreGraphics.framework */,
				07BC1E921BC11A0E0025B777 /* UIKit.framework */,
				07BC1EAD1BC11A0E0025B777 /* XCTest.framework */,
			);
			name = Frameworks;
			sourceTree = "<group>";
		};
		07BC1E941BC11A0E0025B777 /* 百度音乐 */ = {
			isa = PBXGroup;
			children = (
				07E26CA81BC11BA50043C153 /* Classes */,
				07BC1EA01BC11A0E0025B777 /* Main.storyboard */,
				07BC1EA61BC11A0E0025B777 /* Images.xcassets */,
				07BC1E951BC11A0E0025B777 /* Supporting Files */,
			);
			path = "百度音乐";
			sourceTree = "<group>";
		};
		07BC1E951BC11A0E0025B777 /* Supporting Files */ = {
			isa = PBXGroup;
			children = (
				07E26CB61BC11C570043C153 /* Resources */,
				07BC1E961BC11A0E0025B777 /* 百度音乐OFJH-Info.plist */,
				07BC1E971BC11A0E0025B777 /* InfoPlist.strings */,
				07BC1E9C1BC11A0E0025B777 /* 百度音乐OFJH-Prefix.pch */,
			);
			name = "Supporting Files";
			sourceTree = "<group>";
		};
		07BC1EB31BC11A0E0025B777 /* 百度音乐Tests */ = {
			isa = PBXGroup;
			children = (
				07BC1EB91BC11A0E0025B777 /* ____Tests.m */,
				07BC1EB41BC11A0E0025B777 /* Supporting Files */,
			);
			path = "百度音乐Tests";
			sourceTree = "<group>";
		};
		07BC1EB41BC11A0E0025B777 /* Supporting Files */ = {
			isa = PBXGroup;
			children = (
				07BC1EB51BC11A0E0025B777 /* 百度音乐OFJHTests-Info.plist */,
				07BC1EB61BC11A0E0025B777 /* InfoPlist.strings */,
			);
			name = "Supporting Files";
			sourceTree = "<group>";
		};
		07DFE9E21BC7FFCB00A8DEAC /* DRNRealTimeBlur */ = {
			isa = PBXGroup;
			children = (
				07DFE9E31BC7FFCB00A8DEAC /* DRNRealTimeBlurView.h */,
				07DFE9E41BC7FFCB00A8DEAC /* DRNRealTimeBlurView.m */,
				07DFE9E51BC7FFCB00A8DEAC /* UIImage+BoxBlur.h */,
				07DFE9E61BC7FFCB00A8DEAC /* UIImage+BoxBlur.m */,
			);
			path = DRNRealTimeBlur;
			sourceTree = "<group>";
		};
		07E26CA81BC11BA50043C153 /* Classes */ = {
			isa = PBXGroup;
			children = (
				07E26D3F1BC1624F0043C153 /* Tool */,
				07E26CA91BC11BA50043C153 /* Category */,
				07E26CAA1BC11BA50043C153 /* Controller */,
				07E26CAB1BC11BA50043C153 /* Lib */,
				07E26CAC1BC11BA50043C153 /* Mode */,
				07E26CAD1BC11BA50043C153 /* Other */,
				07E26CB11BC11BA50043C153 /* View */,
			);
			path = Classes;
			sourceTree = "<group>";
		};
		07E26CA91BC11BA50043C153 /* Category */ = {
			isa = PBXGroup;
			children = (
				07E26D371BC12ADC0043C153 /* UIView+Extension.h */,
				07E26D381BC12ADC0043C153 /* UIView+Extension.m */,
				07E26D341BC1296D0043C153 /* UIImage+MJ.h */,
				07E26D351BC1296D0043C153 /* UIImage+MJ.m */,
			);
			path = Category;
			sourceTree = "<group>";
		};
		07E26CAA1BC11BA50043C153 /* Controller */ = {
			isa = PBXGroup;
			children = (
				07E26D041BC11ECB0043C153 /* JHMusicsViewController.h */,
				07E26D051BC11ECB0043C153 /* JHMusicsViewController.m */,
				07E26D3A1BC12B1A0043C153 /* JHPlayingViewController.h */,
				07E26D3B1BC12B1A0043C153 /* JHPlayingViewController.m */,
				07E26D3C1BC12B1A0043C153 /* JHPlayingViewController.xib */,
			);
			path = Controller;
			sourceTree = "<group>";
		};
		07E26CAB1BC11BA50043C153 /* Lib */ = {
			isa = PBXGroup;
			children = (
				07DFE9E21BC7FFCB00A8DEAC /* DRNRealTimeBlur */,
				07E26D0A1BC120450043C153 /* Colours */,
				07E26D0D1BC120450043C153 /* MJExtension */,
			);
			path = Lib;
			sourceTree = "<group>";
		};
		07E26CAC1BC11BA50043C153 /* Mode */ = {
			isa = PBXGroup;
			children = (
				07E26D071BC11F2F0043C153 /* JHMusic.h */,
				07E26D081BC11F2F0043C153 /* JHMusic.m */,
				07DFE9EC1BC902EF00A8DEAC /* JHLrcLine.h */,
				07DFE9ED1BC902EF00A8DEAC /* JHLrcLine.m */,
			);
			path = Mode;
			sourceTree = "<group>";
		};
		07E26CAD1BC11BA50043C153 /* Other */ = {
			isa = PBXGroup;
			children = (
				07E26CAE1BC11BA50043C153 /* JHAppDelegate.h */,
				07E26CAF1BC11BA50043C153 /* JHAppDelegate.m */,
				07E26CB01BC11BA50043C153 /* main.m */,
			);
			path = Other;
			sourceTree = "<group>";
		};
		07E26CB11BC11BA50043C153 /* View */ = {
			isa = PBXGroup;
			children = (
				07E26D311BC124AC0043C153 /* JHMusicCell.h */,
				07E26D321BC124AC0043C153 /* JHMusicCell.m */,
				07DFE9E91BC8000A00A8DEAC /* JHLrcView.h */,
				07DFE9EA1BC8000A00A8DEAC /* JHLrcView.m */,
				07DFE9EF1BC9411D00A8DEAC /* JHLrcCell.h */,
				07DFE9F01BC9411D00A8DEAC /* JHLrcCell.m */,
			);
			path = View;
			sourceTree = "<group>";
		};
		07E26CB61BC11C570043C153 /* Resources */ = {
			isa = PBXGroup;
			children = (
				07E26CB71BC11C570043C153 /* Images */,
				07E26CCA1BC11C570043C153 /* Lrcs */,
				07E26CD41BC11C570043C153 /* MP3s */,
				07E26CDE1BC11C570043C153 /* Musics.plist */,
			);
			path = Resources;
			sourceTree = "<group>";
		};
		07E26CB71BC11C570043C153 /* Images */ = {
			isa = PBXGroup;
			children = (
				07E26CB81BC11C570043C153 /* bb@2x.jpg */,
				07E26CB91BC11C570043C153 /* bb_icon@2x.jpg */,
				07E26CBA1BC11C570043C153 /* dzq@2x.jpg */,
				07E26CBB1BC11C570043C153 /* dzq_icon@2x.jpg */,
				07E26CBC1BC11C570043C153 /* eason@2x.jpg */,
				07E26CBD1BC11C570043C153 /* eason_icon@2x.jpg */,
				07E26CBE1BC11C570043C153 /* jay@2x.jpg */,
				07E26CBF1BC11C570043C153 /* jay_icon@2x.png */,
				07E26CC01BC11C570043C153 /* jj@2x.jpg */,
				07E26CC11BC11C570043C153 /* jj_icon@2x.png */,
				07E26CC21BC11C570043C153 /* kzxd@2x.jpg */,
				07E26CC31BC11C570043C153 /* kzxd_icon@2x.jpg */,
				07E26CC41BC11C570043C153 /* nanquan@2x.jpg */,
				07E26CC51BC11C570043C153 /* nanquan_icon@2x.jpg */,
				07E26CC61BC11C570043C153 /* wf@2x.jpg */,
				07E26CC71BC11C570043C153 /* wf_icon@2x.jpg */,
				07E26CC81BC11C570043C153 /* zxy@2x.jpg */,
				07E26CC91BC11C570043C153 /* zxy_icon@2x.jpg */,
			);
			path = Images;
			sourceTree = "<group>";
		};
		07E26CCA1BC11C570043C153 /* Lrcs */ = {
			isa = PBXGroup;
			children = (
				07E26CCB1BC11C570043C153 /* 10405520.lrc */,
				07E26CCC1BC11C570043C153 /* 10736444.lrc */,
				07E26CCD1BC11C570043C153 /* 120125029.lrc */,
				07E26CCE1BC11C570043C153 /* 12309111.lrc */,
				07E26CCF1BC11C570043C153 /* 14945107.lrc */,
				07E26CD01BC11C570043C153 /* 235319.lrc */,
				07E26CD11BC11C570043C153 /* 255319.lrc */,
				07E26CD21BC11C570043C153 /* 309769.lrc */,
				07E26CD31BC11C570043C153 /* 339744.lrc */,
			);
			path = Lrcs;
			sourceTree = "<group>";
		};
		07E26CD41BC11C570043C153 /* MP3s */ = {
			isa = PBXGroup;
			children = (
				07E26CD51BC11C570043C153 /* 10405520.mp3 */,
				07E26CD61BC11C570043C153 /* 10736444.mp3 */,
				07E26CD71BC11C570043C153 /* 120125029.mp3 */,
				07E26CD81BC11C570043C153 /* 12309111.mp3 */,
				07E26CD91BC11C570043C153 /* 14945107.mp3 */,
				07E26CDA1BC11C570043C153 /* 235319.mp3 */,
				07E26CDB1BC11C570043C153 /* 255319.mp3 */,
				07E26CDC1BC11C570043C153 /* 309769.mp3 */,
				07E26CDD1BC11C570043C153 /* 339744.mp3 */,
			);
			path = MP3s;
			sourceTree = "<group>";
		};
		07E26D0A1BC120450043C153 /* Colours */ = {
			isa = PBXGroup;
			children = (
				07E26D0B1BC120450043C153 /* Colours.h */,
				07E26D0C1BC120450043C153 /* Colours.m */,
			);
			path = Colours;
			sourceTree = "<group>";
		};
		07E26D0D1BC120450043C153 /* MJExtension */ = {
			isa = PBXGroup;
			children = (
				07E26D0E1BC120450043C153 /* MJArgument.h */,
				07E26D0F1BC120450043C153 /* MJArgument.m */,
				07E26D101BC120450043C153 /* MJConst.h */,
				07E26D111BC120450043C153 /* MJConst.m */,
				07E26D121BC120450043C153 /* MJExtension.h */,
				07E26D131BC120450043C153 /* MJFoundation.h */,
				07E26D141BC120450043C153 /* MJFoundation.m */,
				07E26D151BC120450043C153 /* MJIvar.h */,
				07E26D161BC120450043C153 /* MJIvar.m */,
				07E26D171BC120450043C153 /* MJMember.h */,
				07E26D181BC120450043C153 /* MJMember.m */,
				07E26D191BC120450043C153 /* MJMethod.h */,
				07E26D1A1BC120450043C153 /* MJMethod.m */,
				07E26D1B1BC120450043C153 /* MJType.h */,
				07E26D1C1BC120450043C153 /* MJType.m */,
				07E26D1D1BC120450043C153 /* MJTypeEncoding.h */,
				07E26D1E1BC120450043C153 /* MJTypeEncoding.m */,
				07E26D1F1BC120450043C153 /* NSObject+MJCoding.h */,
				07E26D201BC120450043C153 /* NSObject+MJCoding.m */,
				07E26D211BC120450043C153 /* NSObject+MJKeyValue.h */,
				07E26D221BC120450043C153 /* NSObject+MJKeyValue.m */,
				07E26D231BC120450043C153 /* NSObject+MJMember.h */,
				07E26D241BC120450043C153 /* NSObject+MJMember.m */,
			);
			path = MJExtension;
			sourceTree = "<group>";
		};
		07E26D3F1BC1624F0043C153 /* Tool */ = {
			isa = PBXGroup;
			children = (
				07E26D401BC162680043C153 /* JHMusicTool.h */,
				07E26D411BC162680043C153 /* JHMusicTool.m */,
				07E26D431BC2718B0043C153 /* JHAudioTool.h */,
				07E26D441BC2718B0043C153 /* JHAudioTool.m */,
			);
			path = Tool;
			sourceTree = "<group>";
		};
/* End PBXGroup section */

/* Begin PBXNativeTarget section */
		07BC1E8A1BC11A0E0025B777 /* 百度音乐OFJH */ = {
			isa = PBXNativeTarget;
			buildConfigurationList = 07BC1EBD1BC11A0E0025B777 /* Build configuration list for PBXNativeTarget "百度音乐OFJH" */;
			buildPhases = (
				07BC1E871BC11A0E0025B777 /* Sources */,
				07BC1E881BC11A0E0025B777 /* Frameworks */,
				07BC1E891BC11A0E0025B777 /* Resources */,
			);
			buildRules = (
			);
			dependencies = (
			);
			name = "百度音乐OFJH";
			productName = "百度音乐";
			productReference = 07BC1E8B1BC11A0E0025B777 /* 百度音乐OFJH.app */;
			productType = "com.apple.product-type.application";
		};
		07BC1EAB1BC11A0E0025B777 /* 百度音乐OFJHTests */ = {
			isa = PBXNativeTarget;
			buildConfigurationList = 07BC1EC01BC11A0E0025B777 /* Build configuration list for PBXNativeTarget "百度音乐OFJHTests" */;
			buildPhases = (
				07BC1EA81BC11A0E0025B777 /* Sources */,
				07BC1EA91BC11A0E0025B777 /* Frameworks */,
				07BC1EAA1BC11A0E0025B777 /* Resources */,
			);
			buildRules = (
			);
			dependencies = (
				07BC1EB21BC11A0E0025B777 /* PBXTargetDependency */,
			);
			name = "百度音乐OFJHTests";
			productName = "百度音乐Tests";
			productReference = 07BC1EAC1BC11A0E0025B777 /* 百度音乐OFJHTests.xctest */;
			productType = "com.apple.product-type.bundle.unit-test";
		};
/* End PBXNativeTarget section */

/* Begin PBXProject section */
		07BC1E831BC11A0E0025B777 /* Project object */ = {
			isa = PBXProject;
			attributes = {
				CLASSPREFIX = JH;
				LastUpgradeCheck = 0510;
				ORGANIZATIONNAME = jh.chen;
				TargetAttributes = {
					07BC1EAB1BC11A0E0025B777 = {
						TestTargetID = 07BC1E8A1BC11A0E0025B777;
					};
				};
			};
			buildConfigurationList = 07BC1E861BC11A0E0025B777 /* Build configuration list for PBXProject "百度音乐OFJH" */;
			compatibilityVersion = "Xcode 3.2";
			developmentRegion = English;
			hasScannedForEncodings = 0;
			knownRegions = (
				en,
				Base,
			);
			mainGroup = 07BC1E821BC11A0E0025B777;
			productRefGroup = 07BC1E8C1BC11A0E0025B777 /* Products */;
			projectDirPath = "";
			projectRoot = "";
			targets = (
				07BC1E8A1BC11A0E0025B777 /* 百度音乐OFJH */,
				07BC1EAB1BC11A0E0025B777 /* 百度音乐OFJHTests */,
			);
		};
/* End PBXProject section */

/* Begin PBXResourcesBuildPhase section */
		07BC1E891BC11A0E0025B777 /* Resources */ = {
			isa = PBXResourcesBuildPhase;
			buildActionMask = 2147483647;
			files = (
				07E26CFC1BC11C570043C153 /* 120125029.mp3 in Resources */,
				07E26CF81BC11C570043C153 /* 309769.lrc in Resources */,
				07E26D011BC11C570043C153 /* 309769.mp3 in Resources */,
				07E26CE81BC11C570043C153 /* jj_icon@2x.png in Resources */,
				07E26CE61BC11C570043C153 /* jay_icon@2x.png in Resources */,
				07E26D021BC11C570043C153 /* 339744.mp3 in Resources */,
				07E26CF21BC11C570043C153 /* 10736444.lrc in Resources */,
				07E26D3E1BC12B1A0043C153 /* JHPlayingViewController.xib in Resources */,
				07E26CEC1BC11C570043C153 /* nanquan_icon@2x.jpg in Resources */,
				07E26CE01BC11C570043C153 /* bb_icon@2x.jpg in Resources */,
				07E26CEA1BC11C570043C153 /* kzxd_icon@2x.jpg in Resources */,
				07E26D031BC11C570043C153 /* Musics.plist in Resources */,
				07E26CFB1BC11C570043C153 /* 10736444.mp3 in Resources */,
				07E26CF01BC11C570043C153 /* zxy_icon@2x.jpg in Resources */,
				07E26CE51BC11C570043C153 /* jay@2x.jpg in Resources */,
				07BC1EA71BC11A0E0025B777 /* Images.xcassets in Resources */,
				07E26CE11BC11C570043C153 /* dzq@2x.jpg in Resources */,
				07E26CF71BC11C570043C153 /* 255319.lrc in Resources */,
				07E26CF41BC11C570043C153 /* 12309111.lrc in Resources */,
				07E26CEE1BC11C570043C153 /* wf_icon@2x.jpg in Resources */,
				07E26CF61BC11C570043C153 /* 235319.lrc in Resources */,
				07E26CE41BC11C570043C153 /* eason_icon@2x.jpg in Resources */,
				07E26CEF1BC11C570043C153 /* zxy@2x.jpg in Resources */,
				07E26CF91BC11C570043C153 /* 339744.lrc in Resources */,
				07E26CFD1BC11C570043C153 /* 12309111.mp3 in Resources */,
				07E26CE91BC11C570043C153 /* kzxd@2x.jpg in Resources */,
				07E26CEB1BC11C570043C153 /* nanquan@2x.jpg in Resources */,
				07E26CED1BC11C570043C153 /* wf@2x.jpg in Resources */,
				07E26CE71BC11C570043C153 /* jj@2x.jpg in Resources */,
				07E26CE31BC11C570043C153 /* eason@2x.jpg in Resources */,
				07E26CF31BC11C570043C153 /* 120125029.lrc in Resources */,
				07E26CFF1BC11C570043C153 /* 235319.mp3 in Resources */,
				07E26CE21BC11C570043C153 /* dzq_icon@2x.jpg in Resources */,
				07E26D001BC11C570043C153 /* 255319.mp3 in Resources */,
				07E26CF11BC11C570043C153 /* 10405520.lrc in Resources */,
				07E26CF51BC11C570043C153 /* 14945107.lrc in Resources */,
				07BC1E991BC11A0E0025B777 /* InfoPlist.strings in Resources */,
				07E26CFA1BC11C570043C153 /* 10405520.mp3 in Resources */,
				07E26CDF1BC11C570043C153 /* bb@2x.jpg in Resources */,
				07E26CFE1BC11C570043C153 /* 14945107.mp3 in Resources */,
				07BC1EA21BC11A0E0025B777 /* Main.storyboard in Resources */,
			);
			runOnlyForDeploymentPostprocessing = 0;
		};
		07BC1EAA1BC11A0E0025B777 /* Resources */ = {
			isa = PBXResourcesBuildPhase;
			buildActionMask = 2147483647;
			files = (
				07BC1EB81BC11A0E0025B777 /* InfoPlist.strings in Resources */,
			);
			runOnlyForDeploymentPostprocessing = 0;
		};
/* End PBXResourcesBuildPhase section */

/* Begin PBXSourcesBuildPhase section */
		07BC1E871BC11A0E0025B777 /* Sources */ = {
			isa = PBXSourcesBuildPhase;
			buildActionMask = 2147483647;
			files = (
				07E26D301BC120450043C153 /* NSObject+MJMember.m in Sources */,
				07DFE9F11BC9411D00A8DEAC /* JHLrcCell.m in Sources */,
				07E26D2E1BC120450043C153 /* NSObject+MJCoding.m in Sources */,
				07E26D291BC120450043C153 /* MJIvar.m in Sources */,
				07E26D421BC162680043C153 /* JHMusicTool.m in Sources */,
				07E26D2D1BC120450043C153 /* MJTypeEncoding.m in Sources */,
				07E26D361BC1296D0043C153 /* UIImage+MJ.m in Sources */,
				07DFE9E81BC7FFCB00A8DEAC /* UIImage+BoxBlur.m in Sources */,
				07E26D331BC124AC0043C153 /* JHMusicCell.m in Sources */,
				07E26D391BC12ADC0043C153 /* UIView+Extension.m in Sources */,
				07E26D251BC120450043C153 /* Colours.m in Sources */,
				07E26D261BC120450043C153 /* MJArgument.m in Sources */,
				07E26D3D1BC12B1A0043C153 /* JHPlayingViewController.m in Sources */,
				07E26D271BC120450043C153 /* MJConst.m in Sources */,
				07E26D2C1BC120450043C153 /* MJType.m in Sources */,
				07E26CB21BC11BA50043C153 /* JHAppDelegate.m in Sources */,
				07DFE9EB1BC8000A00A8DEAC /* JHLrcView.m in Sources */,
				07E26CB31BC11BA50043C153 /* main.m in Sources */,
				07DFE9EE1BC902EF00A8DEAC /* JHLrcLine.m in Sources */,
				07E26D061BC11ECB0043C153 /* JHMusicsViewController.m in Sources */,
				07DFE9E71BC7FFCB00A8DEAC /* DRNRealTimeBlurView.m in Sources */,
				07E26D451BC2718B0043C153 /* JHAudioTool.m in Sources */,
				07E26D2B1BC120450043C153 /* MJMethod.m in Sources */,
				07E26D091BC11F2F0043C153 /* JHMusic.m in Sources */,
				07E26D2A1BC120450043C153 /* MJMember.m in Sources */,
				07E26D2F1BC120450043C153 /* NSObject+MJKeyValue.m in Sources */,
				07E26D281BC120450043C153 /* MJFoundation.m in Sources */,
			);
			runOnlyForDeploymentPostprocessing = 0;
		};
		07BC1EA81BC11A0E0025B777 /* Sources */ = {
			isa = PBXSourcesBuildPhase;
			buildActionMask = 2147483647;
			files = (
				07BC1EBA1BC11A0E0025B777 /* ____Tests.m in Sources */,
			);
			runOnlyForDeploymentPostprocessing = 0;
		};
/* End PBXSourcesBuildPhase section */

/* Begin PBXTargetDependency section */
		07BC1EB21BC11A0E0025B777 /* PBXTargetDependency */ = {
			isa = PBXTargetDependency;
			target = 07BC1E8A1BC11A0E0025B777 /* 百度音乐OFJH */;
			targetProxy = 07BC1EB11BC11A0E0025B777 /* PBXContainerItemProxy */;
		};
/* End PBXTargetDependency section */

/* Begin PBXVariantGroup section */
		07BC1E971BC11A0E0025B777 /* InfoPlist.strings */ = {
			isa = PBXVariantGroup;
			children = (
				07BC1E981BC11A0E0025B777 /* en */,
			);
			name = InfoPlist.strings;
			sourceTree = "<group>";
		};
		07BC1EA01BC11A0E0025B777 /* Main.storyboard */ = {
			isa = PBXVariantGroup;
			children = (
				07BC1EA11BC11A0E0025B777 /* Base */,
			);
			name = Main.storyboard;
			sourceTree = "<group>";
		};
		07BC1EB61BC11A0E0025B777 /* InfoPlist.strings */ = {
			isa = PBXVariantGroup;
			children = (
				07BC1EB71BC11A0E0025B777 /* en */,
			);
			name = InfoPlist.strings;
			sourceTree = "<group>";
		};
/* End PBXVariantGroup section */

/* Begin XCBuildConfiguration section */
		07BC1EBB1BC11A0E0025B777 /* Debug */ = {
			isa = XCBuildConfiguration;
			buildSettings = {
				ALWAYS_SEARCH_USER_PATHS = NO;
				CLANG_CXX_LANGUAGE_STANDARD = "gnu++0x";
				CLANG_CXX_LIBRARY = "libc++";
				CLANG_ENABLE_MODULES = YES;
				CLANG_ENABLE_OBJC_ARC = YES;
				CLANG_WARN_BOOL_CONVERSION = YES;
				CLANG_WARN_CONSTANT_CONVERSION = YES;
				CLANG_WARN_DIRECT_OBJC_ISA_USAGE = YES_ERROR;
				CLANG_WARN_EMPTY_BODY = YES;
				CLANG_WARN_ENUM_CONVERSION = YES;
				CLANG_WARN_INT_CONVERSION = YES;
				CLANG_WARN_OBJC_ROOT_CLASS = YES_ERROR;
				CLANG_WARN__DUPLICATE_METHOD_MATCH = YES;
				"CODE_SIGN_IDENTITY[sdk=iphoneos*]" = "iPhone Developer";
				COPY_PHASE_STRIP = NO;
				GCC_C_LANGUAGE_STANDARD = gnu99;
				GCC_DYNAMIC_NO_PIC = NO;
				GCC_OPTIMIZATION_LEVEL = 0;
				GCC_PREPROCESSOR_DEFINITIONS = (
					"DEBUG=1",
					"$(inherited)",
				);
				GCC_SYMBOLS_PRIVATE_EXTERN = NO;
				GCC_WARN_64_TO_32_BIT_CONVERSION = YES;
				GCC_WARN_ABOUT_RETURN_TYPE = YES_ERROR;
				GCC_WARN_UNDECLARED_SELECTOR = YES;
				GCC_WARN_UNINITIALIZED_AUTOS = YES_AGGRESSIVE;
				GCC_WARN_UNUSED_FUNCTION = YES;
				GCC_WARN_UNUSED_VARIABLE = YES;
				IPHONEOS_DEPLOYMENT_TARGET = 7.1;
				ONLY_ACTIVE_ARCH = YES;
				SDKROOT = iphoneos;
			};
			name = Debug;
		};
		07BC1EBC1BC11A0E0025B777 /* Release */ = {
			isa = XCBuildConfiguration;
			buildSettings = {
				ALWAYS_SEARCH_USER_PATHS = NO;
				CLANG_CXX_LANGUAGE_STANDARD = "gnu++0x";
				CLANG_CXX_LIBRARY = "libc++";
				CLANG_ENABLE_MODULES = YES;
				CLANG_ENABLE_OBJC_ARC = YES;
				CLANG_WARN_BOOL_CONVERSION = YES;
				CLANG_WARN_CONSTANT_CONVERSION = YES;
				CLANG_WARN_DIRECT_OBJC_ISA_USAGE = YES_ERROR;
				CLANG_WARN_EMPTY_BODY = YES;
				CLANG_WARN_ENUM_CONVERSION = YES;
				CLANG_WARN_INT_CONVERSION = YES;
				CLANG_WARN_OBJC_ROOT_CLASS = YES_ERROR;
				CLANG_WARN__DUPLICATE_METHOD_MATCH = YES;
				"CODE_SIGN_IDENTITY[sdk=iphoneos*]" = "iPhone Developer";
				COPY_PHASE_STRIP = YES;
				ENABLE_NS_ASSERTIONS = NO;
				GCC_C_LANGUAGE_STANDARD = gnu99;
				GCC_WARN_64_TO_32_BIT_CONVERSION = YES;
				GCC_WARN_ABOUT_RETURN_TYPE = YES_ERROR;
				GCC_WARN_UNDECLARED_SELECTOR = YES;
				GCC_WARN_UNINITIALIZED_AUTOS = YES_AGGRESSIVE;
				GCC_WARN_UNUSED_FUNCTION = YES;
				GCC_WARN_UNUSED_VARIABLE = YES;
				IPHONEOS_DEPLOYMENT_TARGET = 7.1;
				SDKROOT = iphoneos;
				VALIDATE_PRODUCT = YES;
			};
			name = Release;
		};
		07BC1EBE1BC11A0E0025B777 /* Debug */ = {
			isa = XCBuildConfiguration;
			buildSettings = {
				ASSETCATALOG_COMPILER_APPICON_NAME = AppIcon;
				ASSETCATALOG_COMPILER_LAUNCHIMAGE_NAME = LaunchImage;
				GCC_PRECOMPILE_PREFIX_HEADER = YES;
				GCC_PREFIX_HEADER = "百度音乐/百度音乐OFJH-Prefix.pch";
				INFOPLIST_FILE = "百度音乐/百度音乐OFJH-Info.plist";
				PRODUCT_NAME = "百度音乐OFJH";
				WRAPPER_EXTENSION = app;
			};
			name = Debug;
		};
		07BC1EBF1BC11A0E0025B777 /* Release */ = {
			isa = XCBuildConfiguration;
			buildSettings = {
				ASSETCATALOG_COMPILER_APPICON_NAME = AppIcon;
				ASSETCATALOG_COMPILER_LAUNCHIMAGE_NAME = LaunchImage;
				GCC_PRECOMPILE_PREFIX_HEADER = YES;
				GCC_PREFIX_HEADER = "百度音乐/百度音乐OFJH-Prefix.pch";
				INFOPLIST_FILE = "百度音乐/百度音乐OFJH-Info.plist";
				PRODUCT_NAME = "百度音乐OFJH";
				WRAPPER_EXTENSION = app;
			};
			name = Release;
		};
		07BC1EC11BC11A0E0025B777 /* Debug */ = {
			isa = XCBuildConfiguration;
			buildSettings = {
				BUNDLE_LOADER = "$(BUILT_PRODUCTS_DIR)/百度音乐.app/百度音乐";
				FRAMEWORK_SEARCH_PATHS = (
					"$(SDKROOT)/Developer/Library/Frameworks",
					"$(inherited)",
					"$(DEVELOPER_FRAMEWORKS_DIR)",
				);
				GCC_PRECOMPILE_PREFIX_HEADER = YES;
				GCC_PREFIX_HEADER = "百度音乐/百度音乐-Prefix.pch";
				GCC_PREPROCESSOR_DEFINITIONS = (
					"DEBUG=1",
					"$(inherited)",
				);
				INFOPLIST_FILE = "百度音乐Tests/百度音乐OFJHTests-Info.plist";
				PRODUCT_NAME = "百度音乐OFJHTests";
				TEST_HOST = "$(BUNDLE_LOADER)";
				WRAPPER_EXTENSION = xctest;
			};
			name = Debug;
		};
		07BC1EC21BC11A0E0025B777 /* Release */ = {
			isa = XCBuildConfiguration;
			buildSettings = {
				BUNDLE_LOADER = "$(BUILT_PRODUCTS_DIR)/百度音乐.app/百度音乐";
				FRAMEWORK_SEARCH_PATHS = (
					"$(SDKROOT)/Developer/Library/Frameworks",
					"$(inherited)",
					"$(DEVELOPER_FRAMEWORKS_DIR)",
				);
				GCC_PRECOMPILE_PREFIX_HEADER = YES;
				GCC_PREFIX_HEADER = "百度音乐/百度音乐-Prefix.pch";
				INFOPLIST_FILE = "百度音乐Tests/百度音乐OFJHTests-Info.plist";
				PRODUCT_NAME = "百度音乐OFJHTests";
				TEST_HOST = "$(BUNDLE_LOADER)";
				WRAPPER_EXTENSION = xctest;
			};
			name = Release;
		};
/* End XCBuildConfiguration section */

/* Begin XCConfigurationList section */
		07BC1E861BC11A0E0025B777 /* Build configuration list for PBXProject "百度音乐OFJH" */ = {
			isa = XCConfigurationList;
			buildConfigurations = (
				07BC1EBB1BC11A0E0025B777 /* Debug */,
				07BC1EBC1BC11A0E0025B777 /* Release */,
			);
			defaultConfigurationIsVisible = 0;
			defaultConfigurationName = Release;
		};
		07BC1EBD1BC11A0E0025B777 /* Build configuration list for PBXNativeTarget "百度音乐OFJH" */ = {
			isa = XCConfigurationList;
			buildConfigurations = (
				07BC1EBE1BC11A0E0025B777 /* Debug */,
				07BC1EBF1BC11A0E0025B777 /* Release */,
			);
			defaultConfigurationIsVisible = 0;
			defaultConfigurationName = Release;
		};
		07BC1EC01BC11A0E0025B777 /* Build configuration list for PBXNativeTarget "百度音乐OFJHTests" */ = {
			isa = XCConfigurationList;
			buildConfigurations = (
				07BC1EC11BC11A0E0025B777 /* Debug */,
				07BC1EC21BC11A0E0025B777 /* Release */,
			);
			defaultConfigurationIsVisible = 0;
			defaultConfigurationName = Release;
		};
/* End XCConfigurationList section */
	};
	rootObject = 07BC1E831BC11A0E0025B777 /* Project object */;
}
